
Microsoft Visual Studio Solution File, Format Version 11.00
# Visual Studio 2010
Project("{FAE04EC0-301F-11D3-BF4B-00C04F79EFBC}") = "Avaliação", "Avaliação\Avaliação.csproj", "{A4A392B5-6A41-4DFF-8CDB-F2A16D4E23CB}"
EndProject
Global
	GlobalSection(SolutionConfigurationPlatforms) = preSolution
		Debug|x86 = Debug|x86
		Release|x86 = Release|x86
	EndGlobalSection
	GlobalSection(ProjectConfigurationPlatforms) = postSolution
		{A4A392B5-6A41-4DFF-8CDB-F2A16D4E23CB}.Debug|x86.ActiveCfg = Debug|x86
		{A4A392B5-6A41-4DFF-8CDB-F2A16D4E23CB}.Debug|x86.Build.0 = Debug|x86
		{A4A392B5-6A41-4DFF-8CDB-F2A16D4E23CB}.Release|x86.ActiveCfg = Release|x86
		{A4A392B5-6A41-4DFF-8CDB-F2A16D4E23CB}.Release|x86.Build.0 = Release|x86
	EndGlobalSection
	GlobalSection(SolutionProperties) = preSolution
		HideSolutionNode = FALSE
	EndGlobalSection
EndGlobal
