
Microsoft Visual Studio Solution File, Format Version 11.00
# Visual Studio 2010
Project("{FAE04EC0-301F-11D3-BF4B-00C04F79EFBC}") = "prjExercicio28", "prjExercicio28\prjExercicio28.csproj", "{1FB7C59D-A4F2-46E0-A98F-4EE6ACF6BF59}"
EndProject
Global
	GlobalSection(SolutionConfigurationPlatforms) = preSolution
		Debug|x86 = Debug|x86
		Release|x86 = Release|x86
	EndGlobalSection
	GlobalSection(ProjectConfigurationPlatforms) = postSolution
		{1FB7C59D-A4F2-46E0-A98F-4EE6ACF6BF59}.Debug|x86.ActiveCfg = Debug|x86
		{1FB7C59D-A4F2-46E0-A98F-4EE6ACF6BF59}.Debug|x86.Build.0 = Debug|x86
		{1FB7C59D-A4F2-46E0-A98F-4EE6ACF6BF59}.Release|x86.ActiveCfg = Release|x86
		{1FB7C59D-A4F2-46E0-A98F-4EE6ACF6BF59}.Release|x86.Build.0 = Release|x86
	EndGlobalSection
	GlobalSection(SolutionProperties) = preSolution
		HideSolutionNode = FALSE
	EndGlobalSection
EndGlobal
