
Microsoft Visual Studio Solution File, Format Version 11.00
# Visual Studio 2010
Project("{FAE04EC0-301F-11D3-BF4B-00C04F79EFBC}") = "prjExercicio32", "prjExercicio32\prjExercicio32.csproj", "{89EE3ED1-C68D-451C-BFEF-3DF311E9E9BB}"
EndProject
Global
	GlobalSection(SolutionConfigurationPlatforms) = preSolution
		Debug|x86 = Debug|x86
		Release|x86 = Release|x86
	EndGlobalSection
	GlobalSection(ProjectConfigurationPlatforms) = postSolution
		{89EE3ED1-C68D-451C-BFEF-3DF311E9E9BB}.Debug|x86.ActiveCfg = Debug|x86
		{89EE3ED1-C68D-451C-BFEF-3DF311E9E9BB}.Debug|x86.Build.0 = Debug|x86
		{89EE3ED1-C68D-451C-BFEF-3DF311E9E9BB}.Release|x86.ActiveCfg = Release|x86
		{89EE3ED1-C68D-451C-BFEF-3DF311E9E9BB}.Release|x86.Build.0 = Release|x86
	EndGlobalSection
	GlobalSection(SolutionProperties) = preSolution
		HideSolutionNode = FALSE
	EndGlobalSection
EndGlobal
